// !$*UTF8*$!
{
	archiveVersion = 1;
	classes = {
	};
	objectVersion = 48;
	objects = {

/* Begin PBXBuildFile section */
		26B141688D4159A36B234571 /* Pods_Github_GraphQL.framework in Frameworks */ = {isa = PBXBuildFile; fileRef = 33C9BF1977A0F8F9A176EA5E /* Pods_Github_GraphQL.framework */; };
		3F6313A5204D9ABF0099F510 /* RepoPresenter.swift in Sources */ = {isa = PBXBuildFile; fileRef = 3F6313A4204D9ABF0099F510 /* RepoPresenter.swift */; };
		3F6313A8204D9ACF0099F510 /* RepoViewController.swift in Sources */ = {isa = PBXBuildFile; fileRef = 3F6313A6204D9ACF0099F510 /* RepoViewController.swift */; };
		3F6313AE204D9BAB0099F510 /* AppStoryboard.swift in Sources */ = {isa = PBXBuildFile; fileRef = 3F6313AD204D9BAB0099F510 /* AppStoryboard.swift */; };
		3F6313B3204D9E010099F510 /* API.swift in Sources */ = {isa = PBXBuildFile; fileRef = 3F6313B2204D9E010099F510 /* API.swift */; };
		3F6313B5204D9F910099F510 /* Environment.swift in Sources */ = {isa = PBXBuildFile; fileRef = 3F6313B4204D9F910099F510 /* Environment.swift */; };
		3F6313B7204DA3C60099F510 /* RepoCoordinator.swift in Sources */ = {isa = PBXBuildFile; fileRef = 3F6313B6204DA3C60099F510 /* RepoCoordinator.swift */; };
		3F6313BA204DA4660099F510 /* Coordinator.swift in Sources */ = {isa = PBXBuildFile; fileRef = 3F6313B9204DA4660099F510 /* Coordinator.swift */; };
		3F6313BC204DA4AA0099F510 /* Services.swift in Sources */ = {isa = PBXBuildFile; fileRef = 3F6313BB204DA4AA0099F510 /* Services.swift */; };
		3FFE9DF9204D930D00C0EADD /* AppDelegate.swift in Sources */ = {isa = PBXBuildFile; fileRef = 3FFE9DF8204D930D00C0EADD /* AppDelegate.swift */; };
		3FFE9DFE204D930D00C0EADD /* Main.storyboard in Resources */ = {isa = PBXBuildFile; fileRef = 3FFE9DFC204D930D00C0EADD /* Main.storyboard */; };
		3FFE9E00204D930D00C0EADD /* Assets.xcassets in Resources */ = {isa = PBXBuildFile; fileRef = 3FFE9DFF204D930D00C0EADD /* Assets.xcassets */; };
		3FFE9E03204D930D00C0EADD /* LaunchScreen.storyboard in Resources */ = {isa = PBXBuildFile; fileRef = 3FFE9E01204D930D00C0EADD /* LaunchScreen.storyboard */; };
/* End PBXBuildFile section */

/* Begin PBXFileReference section */
		33C9BF1977A0F8F9A176EA5E /* Pods_Github_GraphQL.framework */ = {isa = PBXFileReference; explicitFileType = wrapper.framework; includeInIndex = 0; path = Pods_Github_GraphQL.framework; sourceTree = BUILT_PRODUCTS_DIR; };
		3F6313A4204D9ABF0099F510 /* RepoPresenter.swift */ = {isa = PBXFileReference; lastKnownFileType = sourcecode.swift; path = RepoPresenter.swift; sourceTree = "<group>"; };
		3F6313A6204D9ACF0099F510 /* RepoViewController.swift */ = {isa = PBXFileReference; lastKnownFileType = sourcecode.swift; path = RepoViewController.swift; sourceTree = "<group>"; };
		3F6313AD204D9BAB0099F510 /* AppStoryboard.swift */ = {isa = PBXFileReference; lastKnownFileType = sourcecode.swift; path = AppStoryboard.swift; sourceTree = "<group>"; };
		3F6313B2204D9E010099F510 /* API.swift */ = {isa = PBXFileReference; fileEncoding = 4; lastKnownFileType = sourcecode.swift; path = API.swift; sourceTree = "<group>"; };
		3F6313B4204D9F910099F510 /* Environment.swift */ = {isa = PBXFileReference; lastKnownFileType = sourcecode.swift; path = Environment.swift; sourceTree = "<group>"; };
		3F6313B6204DA3C60099F510 /* RepoCoordinator.swift */ = {isa = PBXFileReference; lastKnownFileType = sourcecode.swift; path = RepoCoordinator.swift; sourceTree = "<group>"; };
		3F6313B9204DA4660099F510 /* Coordinator.swift */ = {isa = PBXFileReference; lastKnownFileType = sourcecode.swift; path = Coordinator.swift; sourceTree = "<group>"; };
		3F6313BB204DA4AA0099F510 /* Services.swift */ = {isa = PBXFileReference; lastKnownFileType = sourcecode.swift; path = Services.swift; sourceTree = "<group>"; };
		3FFE9DF5204D930D00C0EADD /* Github-GraphQL.app */ = {isa = PBXFileReference; explicitFileType = wrapper.application; includeInIndex = 0; path = "Github-GraphQL.app"; sourceTree = BUILT_PRODUCTS_DIR; };
		3FFE9DF8204D930D00C0EADD /* AppDelegate.swift */ = {isa = PBXFileReference; lastKnownFileType = sourcecode.swift; path = AppDelegate.swift; sourceTree = "<group>"; };
		3FFE9DFD204D930D00C0EADD /* Base */ = {isa = PBXFileReference; lastKnownFileType = file.storyboard; name = Base; path = Base.lproj/Main.storyboard; sourceTree = "<group>"; };
		3FFE9DFF204D930D00C0EADD /* Assets.xcassets */ = {isa = PBXFileReference; lastKnownFileType = folder.assetcatalog; path = Assets.xcassets; sourceTree = "<group>"; };
		3FFE9E02204D930D00C0EADD /* Base */ = {isa = PBXFileReference; lastKnownFileType = file.storyboard; name = Base; path = Base.lproj/LaunchScreen.storyboard; sourceTree = "<group>"; };
		3FFE9E04204D930E00C0EADD /* Info.plist */ = {isa = PBXFileReference; lastKnownFileType = text.plist.xml; path = Info.plist; sourceTree = "<group>"; };
		C97686A5B484246CFC287623 /* Pods-Github-GraphQL.debug.xcconfig */ = {isa = PBXFileReference; includeInIndex = 1; lastKnownFileType = text.xcconfig; name = "Pods-Github-GraphQL.debug.xcconfig"; path = "Pods/Target Support Files/Pods-Github-GraphQL/Pods-Github-GraphQL.debug.xcconfig"; sourceTree = "<group>"; };
		DDD658C1B64CE50BC5A7B72A /* Pods-Github-GraphQL.release.xcconfig */ = {isa = PBXFileReference; includeInIndex = 1; lastKnownFileType = text.xcconfig; name = "Pods-Github-GraphQL.release.xcconfig"; path = "Pods/Target Support Files/Pods-Github-GraphQL/Pods-Github-GraphQL.release.xcconfig"; sourceTree = "<group>"; };
/* End PBXFileReference section */

/* Begin PBXFrameworksBuildPhase section */
		3FFE9DF2204D930D00C0EADD /* Frameworks */ = {
			isa = PBXFrameworksBuildPhase;
			buildActionMask = 2147483647;
			files = (
				26B141688D4159A36B234571 /* Pods_Github_GraphQL.framework in Frameworks */,
			);
			runOnlyForDeploymentPostprocessing = 0;
		};
/* End PBXFrameworksBuildPhase section */

/* Begin PBXGroup section */
		3F63139D204D9A100099F510 /* GraphQL */ = {
			isa = PBXGroup;
			children = (
				3F6313B2204D9E010099F510 /* API.swift */,
			);
			path = GraphQL;
			sourceTree = "<group>";
		};
		3F63139E204D9A190099F510 /* Modules */ = {
			isa = PBXGroup;
			children = (
				3F6313A3204D9AB60099F510 /* Repo */,
			);
			path = Modules;
			sourceTree = "<group>";
		};
		3F63139F204D9A230099F510 /* Extensions */ = {
			isa = PBXGroup;
			children = (
			);
			path = Extensions;
			sourceTree = "<group>";
		};
		3F6313A0204D9A2D0099F510 /* Configuration */ = {
			isa = PBXGroup;
			children = (
				3FFE9DF8204D930D00C0EADD /* AppDelegate.swift */,
				3F6313AD204D9BAB0099F510 /* AppStoryboard.swift */,
				3F6313B4204D9F910099F510 /* Environment.swift */,
				3F6313BB204DA4AA0099F510 /* Services.swift */,
				3F6313B9204DA4660099F510 /* Coordinator.swift */,
			);
			path = Configuration;
			sourceTree = "<group>";
		};
		3F6313A1204D9A3E0099F510 /* Storyboards */ = {
			isa = PBXGroup;
			children = (
				3FFE9DFC204D930D00C0EADD /* Main.storyboard */,
				3FFE9E01204D930D00C0EADD /* LaunchScreen.storyboard */,
			);
			path = Storyboards;
			sourceTree = "<group>";
		};
		3F6313A2204D9A450099F510 /* Resources */ = {
			isa = PBXGroup;
			children = (
				3FFE9DFF204D930D00C0EADD /* Assets.xcassets */,
				3FFE9E04204D930E00C0EADD /* Info.plist */,
			);
			path = Resources;
			sourceTree = "<group>";
		};
		3F6313A3204D9AB60099F510 /* Repo */ = {
			isa = PBXGroup;
			children = (
				3F6313A6204D9ACF0099F510 /* RepoViewController.swift */,
				3F6313A4204D9ABF0099F510 /* RepoPresenter.swift */,
				3F6313B6204DA3C60099F510 /* RepoCoordinator.swift */,
			);
			path = Repo;
			sourceTree = "<group>";
		};
		3FFE9DEC204D930D00C0EADD = {
			isa = PBXGroup;
			children = (
				3FFE9DF7204D930D00C0EADD /* Github-GraphQL */,
				3FFE9DF6204D930D00C0EADD /* Products */,
				626F6C67E5CAF0634A6D984F /* Pods */,
				AD37FD7F7E9C71A70D29957A /* Frameworks */,
			);
			sourceTree = "<group>";
		};
		3FFE9DF6204D930D00C0EADD /* Products */ = {
			isa = PBXGroup;
			children = (
				3FFE9DF5204D930D00C0EADD /* Github-GraphQL.app */,
			);
			name = Products;
			sourceTree = "<group>";
		};
		3FFE9DF7204D930D00C0EADD /* Github-GraphQL */ = {
			isa = PBXGroup;
			children = (
				3F6313A0204D9A2D0099F510 /* Configuration */,
				3F63139E204D9A190099F510 /* Modules */,
				3F63139F204D9A230099F510 /* Extensions */,
				3F6313A2204D9A450099F510 /* Resources */,
				3F6313A1204D9A3E0099F510 /* Storyboards */,
				3F63139D204D9A100099F510 /* GraphQL */,
			);
			path = "Github-GraphQL";
			sourceTree = "<group>";
		};
		626F6C67E5CAF0634A6D984F /* Pods */ = {
			isa = PBXGroup;
			children = (
				C97686A5B484246CFC287623 /* Pods-Github-GraphQL.debug.xcconfig */,
				DDD658C1B64CE50BC5A7B72A /* Pods-Github-GraphQL.release.xcconfig */,
			);
			name = Pods;
			sourceTree = "<group>";
		};
		AD37FD7F7E9C71A70D29957A /* Frameworks */ = {
			isa = PBXGroup;
			children = (
				33C9BF1977A0F8F9A176EA5E /* Pods_Github_GraphQL.framework */,
			);
			name = Frameworks;
			sourceTree = "<group>";
		};
/* End PBXGroup section */

/* Begin PBXNativeTarget section */
		3FFE9DF4204D930D00C0EADD /* Github-GraphQL */ = {
			isa = PBXNativeTarget;
			buildConfigurationList = 3FFE9E07204D930E00C0EADD /* Build configuration list for PBXNativeTarget "Github-GraphQL" */;
			buildPhases = (
				3F63139B204D93CD0099F510 /* Generate GraphQL schema */,
				DFA2D564E1C9533403890394 /* [CP] Check Pods Manifest.lock */,
				3FFE9DF1204D930D00C0EADD /* Sources */,
				3FFE9DF2204D930D00C0EADD /* Frameworks */,
				3FFE9DF3204D930D00C0EADD /* Resources */,
				5ED91268113C645658C994A3 /* [CP] Embed Pods Frameworks */,
				31F85AABD21EA509DFBCCB81 /* [CP] Copy Pods Resources */,
			);
			buildRules = (
			);
			dependencies = (
			);
			name = "Github-GraphQL";
			productName = "Github-GraphQL";
			productReference = 3FFE9DF5204D930D00C0EADD /* Github-GraphQL.app */;
			productType = "com.apple.product-type.application";
		};
/* End PBXNativeTarget section */

/* Begin PBXProject section */
		3FFE9DED204D930D00C0EADD /* Project object */ = {
			isa = PBXProject;
			attributes = {
				LastSwiftUpdateCheck = 0920;
				LastUpgradeCheck = 0920;
				ORGANIZATIONNAME = None;
				TargetAttributes = {
					3FFE9DF4204D930D00C0EADD = {
						CreatedOnToolsVersion = 9.2;
						ProvisioningStyle = Automatic;
					};
				};
			};
			buildConfigurationList = 3FFE9DF0204D930D00C0EADD /* Build configuration list for PBXProject "Github-GraphQL" */;
			compatibilityVersion = "Xcode 8.0";
			developmentRegion = en;
			hasScannedForEncodings = 0;
			knownRegions = (
				en,
				Base,
			);
			mainGroup = 3FFE9DEC204D930D00C0EADD;
			productRefGroup = 3FFE9DF6204D930D00C0EADD /* Products */;
			projectDirPath = "";
			projectRoot = "";
			targets = (
				3FFE9DF4204D930D00C0EADD /* Github-GraphQL */,
			);
		};
/* End PBXProject section */

/* Begin PBXResourcesBuildPhase section */
		3FFE9DF3204D930D00C0EADD /* Resources */ = {
			isa = PBXResourcesBuildPhase;
			buildActionMask = 2147483647;
			files = (
				3FFE9E03204D930D00C0EADD /* LaunchScreen.storyboard in Resources */,
				3FFE9E00204D930D00C0EADD /* Assets.xcassets in Resources */,
				3FFE9DFE204D930D00C0EADD /* Main.storyboard in Resources */,
			);
			runOnlyForDeploymentPostprocessing = 0;
		};
/* End PBXResourcesBuildPhase section */

/* Begin PBXShellScriptBuildPhase section */
		31F85AABD21EA509DFBCCB81 /* [CP] Copy Pods Resources */ = {
			isa = PBXShellScriptBuildPhase;
			buildActionMask = 2147483647;
			files = (
			);
			inputPaths = (
			);
			name = "[CP] Copy Pods Resources";
			outputPaths = (
			);
			runOnlyForDeploymentPostprocessing = 0;
			shellPath = /bin/sh;
			shellScript = "\"${SRCROOT}/Pods/Target Support Files/Pods-Github-GraphQL/Pods-Github-GraphQL-resources.sh\"\n";
			showEnvVarsInLog = 0;
		};
		3F63139B204D93CD0099F510 /* Generate GraphQL schema */ = {
			isa = PBXShellScriptBuildPhase;
			buildActionMask = 2147483647;
			files = (
			);
			inputPaths = (
			);
			name = "Generate GraphQL schema";
			outputPaths = (
			);
			runOnlyForDeploymentPostprocessing = 0;
			shellPath = /bin/sh;
			shellScript = "${PODS_ROOT}/Apollo/scripts/check-and-run-apollo-codegen.sh \\\ngenerate $(find ${PROJECT_DIR}/Github-GraphQL/GraphQL/ -name '*.graphql') \\\n--schema schema.json \\\n--output ${PROJECT_DIR}/Github-GraphQL/GraphQL/API.swift";
		};
		5ED91268113C645658C994A3 /* [CP] Embed Pods Frameworks */ = {
			isa = PBXShellScriptBuildPhase;
			buildActionMask = 2147483647;
			files = (
			);
			inputPaths = (
				"${SRCROOT}/Pods/Target Support Files/Pods-Github-GraphQL/Pods-Github-GraphQL-frameworks.sh",
				"${BUILT_PRODUCTS_DIR}/Apollo/Apollo.framework",
			);
			name = "[CP] Embed Pods Frameworks";
			outputPaths = (
				"${TARGET_BUILD_DIR}/${FRAMEWORKS_FOLDER_PATH}/Apollo.framework",
			);
			runOnlyForDeploymentPostprocessing = 0;
			shellPath = /bin/sh;
			shellScript = "\"${SRCROOT}/Pods/Target Support Files/Pods-Github-GraphQL/Pods-Github-GraphQL-frameworks.sh\"\n";
			showEnvVarsInLog = 0;
		};
		DFA2D564E1C9533403890394 /* [CP] Check Pods Manifest.lock */ = {
			isa = PBXShellScriptBuildPhase;
			buildActionMask = 2147483647;
			files = (
			);
			inputPaths = (
				"${PODS_PODFILE_DIR_PATH}/Podfile.lock",
				"${PODS_ROOT}/Manifest.lock",
			);
			name = "[CP] Check Pods Manifest.lock";
			outputPaths = (
				"$(DERIVED_FILE_DIR)/Pods-Github-GraphQL-checkManifestLockResult.txt",
			);
			runOnlyForDeploymentPostprocessing = 0;
			shellPath = /bin/sh;
			shellScript = "diff \"${PODS_PODFILE_DIR_PATH}/Podfile.lock\" \"${PODS_ROOT}/Manifest.lock\" > /dev/null\nif [ $? != 0 ] ; then\n    # print error to STDERR\n    echo \"error: The sandbox is not in sync with the Podfile.lock. Run 'pod install' or update your CocoaPods installation.\" >&2\n    exit 1\nfi\n# This output is used by Xcode 'outputs' to avoid re-running this script phase.\necho \"SUCCESS\" > \"${SCRIPT_OUTPUT_FILE_0}\"\n";
			showEnvVarsInLog = 0;
		};
/* End PBXShellScriptBuildPhase section */

/* Begin PBXSourcesBuildPhase section */
		3FFE9DF1204D930D00C0EADD /* Sources */ = {
			isa = PBXSourcesBuildPhase;
			buildActionMask = 2147483647;
			files = (
				3F6313A5204D9ABF0099F510 /* RepoPresenter.swift in Sources */,
				3F6313AE204D9BAB0099F510 /* AppStoryboard.swift in Sources */,
				3F6313B7204DA3C60099F510 /* RepoCoordinator.swift in Sources */,
				3FFE9DF9204D930D00C0EADD /* AppDelegate.swift in Sources */,
				3F6313B5204D9F910099F510 /* Environment.swift in Sources */,
				3F6313BC204DA4AA0099F510 /* Services.swift in Sources */,
				3F6313A8204D9ACF0099F510 /* RepoViewController.swift in Sources */,
				3F6313B3204D9E010099F510 /* API.swift in Sources */,
				3F6313BA204DA4660099F510 /* Coordinator.swift in Sources */,
			);
			runOnlyForDeploymentPostprocessing = 0;
		};
/* End PBXSourcesBuildPhase section */

/* Begin PBXVariantGroup section */
		3FFE9DFC204D930D00C0EADD /* Main.storyboard */ = {
			isa = PBXVariantGroup;
			children = (
				3FFE9DFD204D930D00C0EADD /* Base */,
			);
			name = Main.storyboard;
			sourceTree = "<group>";
		};
		3FFE9E01204D930D00C0EADD /* LaunchScreen.storyboard */ = {
			isa = PBXVariantGroup;
			children = (
				3FFE9E02204D930D00C0EADD /* Base */,
			);
			name = LaunchScreen.storyboard;
			sourceTree = "<group>";
		};
/* End PBXVariantGroup section */

/* Begin XCBuildConfiguration section */
		3FFE9E05204D930E00C0EADD /* Debug */ = {
			isa = XCBuildConfiguration;
			buildSettings = {
				ALWAYS_SEARCH_USER_PATHS = NO;
				CLANG_ANALYZER_NONNULL = YES;
				CLANG_ANALYZER_NUMBER_OBJECT_CONVERSION = YES_AGGRESSIVE;
				CLANG_CXX_LANGUAGE_STANDARD = "gnu++14";
				CLANG_CXX_LIBRARY = "libc++";
				CLANG_ENABLE_MODULES = YES;
				CLANG_ENABLE_OBJC_ARC = YES;
				CLANG_WARN_BLOCK_CAPTURE_AUTORELEASING = YES;
				CLANG_WARN_BOOL_CONVERSION = YES;
				CLANG_WARN_COMMA = YES;
				CLANG_WARN_CONSTANT_CONVERSION = YES;
				CLANG_WARN_DIRECT_OBJC_ISA_USAGE = YES_ERROR;
				CLANG_WARN_DOCUMENTATION_COMMENTS = YES;
				CLANG_WARN_EMPTY_BODY = YES;
				CLANG_WARN_ENUM_CONVERSION = YES;
				CLANG_WARN_INFINITE_RECURSION = YES;
				CLANG_WARN_INT_CONVERSION = YES;
				CLANG_WARN_NON_LITERAL_NULL_CONVERSION = YES;
				CLANG_WARN_OBJC_LITERAL_CONVERSION = YES;
				CLANG_WARN_OBJC_ROOT_CLASS = YES_ERROR;
				CLANG_WARN_RANGE_LOOP_ANALYSIS = YES;
				CLANG_WARN_STRICT_PROTOTYPES = YES;
				CLANG_WARN_SUSPICIOUS_MOVE = YES;
				CLANG_WARN_UNGUARDED_AVAILABILITY = YES_AGGRESSIVE;
				CLANG_WARN_UNREACHABLE_CODE = YES;
				CLANG_WARN__DUPLICATE_METHOD_MATCH = YES;
				CODE_SIGN_IDENTITY = "iPhone Developer";
				COPY_PHASE_STRIP = NO;
				DEBUG_INFORMATION_FORMAT = dwarf;
				ENABLE_STRICT_OBJC_MSGSEND = YES;
				ENABLE_TESTABILITY = YES;
				GCC_C_LANGUAGE_STANDARD = gnu11;
				GCC_DYNAMIC_NO_PIC = NO;
				GCC_NO_COMMON_BLOCKS = YES;
				GCC_OPTIMIZATION_LEVEL = 0;
				GCC_PREPROCESSOR_DEFINITIONS = (
					"DEBUG=1",
					"$(inherited)",
				);
				GCC_WARN_64_TO_32_BIT_CONVERSION = YES;
				GCC_WARN_ABOUT_RETURN_TYPE = YES_ERROR;
				GCC_WARN_UNDECLARED_SELECTOR = YES;
				GCC_WARN_UNINITIALIZED_AUTOS = YES_AGGRESSIVE;
				GCC_WARN_UNUSED_FUNCTION = YES;
				GCC_WARN_UNUSED_VARIABLE = YES;
				IPHONEOS_DEPLOYMENT_TARGET = 11.2;
				MTL_ENABLE_DEBUG_INFO = YES;
				ONLY_ACTIVE_ARCH = YES;
				SDKROOT = iphoneos;
				SWIFT_ACTIVE_COMPILATION_CONDITIONS = DEBUG;
				SWIFT_OPTIMIZATION_LEVEL = "-Onone";
			};
			name = Debug;
		};
		3FFE9E06204D930E00C0EADD /* Release */ = {
			isa = XCBuildConfiguration;
			buildSettings = {
				ALWAYS_SEARCH_USER_PATHS = NO;
				CLANG_ANALYZER_NONNULL = YES;
				CLANG_ANALYZER_NUMBER_OBJECT_CONVERSION = YES_AGGRESSIVE;
				CLANG_CXX_LANGUAGE_STANDARD = "gnu++14";
				CLANG_CXX_LIBRARY = "libc++";
				CLANG_ENABLE_MODULES = YES;
				CLANG_ENABLE_OBJC_ARC = YES;
				CLANG_WARN_BLOCK_CAPTURE_AUTORELEASING = YES;
				CLANG_WARN_BOOL_CONVERSION = YES;
				CLANG_WARN_COMMA = YES;
				CLANG_WARN_CONSTANT_CONVERSION = YES;
				CLANG_WARN_DIRECT_OBJC_ISA_USAGE = YES_ERROR;
				CLANG_WARN_DOCUMENTATION_COMMENTS = YES;
				CLANG_WARN_EMPTY_BODY = YES;
				CLANG_WARN_ENUM_CONVERSION = YES;
				CLANG_WARN_INFINITE_RECURSION = YES;
				CLANG_WARN_INT_CONVERSION = YES;
				CLANG_WARN_NON_LITERAL_NULL_CONVERSION = YES;
				CLANG_WARN_OBJC_LITERAL_CONVERSION = YES;
				CLANG_WARN_OBJC_ROOT_CLASS = YES_ERROR;
				CLANG_WARN_RANGE_LOOP_ANALYSIS = YES;
				CLANG_WARN_STRICT_PROTOTYPES = YES;
				CLANG_WARN_SUSPICIOUS_MOVE = YES;
				CLANG_WARN_UNGUARDED_AVAILABILITY = YES_AGGRESSIVE;
				CLANG_WARN_UNREACHABLE_CODE = YES;
				CLANG_WARN__DUPLICATE_METHOD_MATCH = YES;
				CODE_SIGN_IDENTITY = "iPhone Developer";
				COPY_PHASE_STRIP = NO;
				DEBUG_INFORMATION_FORMAT = "dwarf-with-dsym";
				ENABLE_NS_ASSERTIONS = NO;
				ENABLE_STRICT_OBJC_MSGSEND = YES;
				GCC_C_LANGUAGE_STANDARD = gnu11;
				GCC_NO_COMMON_BLOCKS = YES;
				GCC_WARN_64_TO_32_BIT_CONVERSION = YES;
				GCC_WARN_ABOUT_RETURN_TYPE = YES_ERROR;
				GCC_WARN_UNDECLARED_SELECTOR = YES;
				GCC_WARN_UNINITIALIZED_AUTOS = YES_AGGRESSIVE;
				GCC_WARN_UNUSED_FUNCTION = YES;
				GCC_WARN_UNUSED_VARIABLE = YES;
				IPHONEOS_DEPLOYMENT_TARGET = 11.2;
				MTL_ENABLE_DEBUG_INFO = NO;
				SDKROOT = iphoneos;
				SWIFT_OPTIMIZATION_LEVEL = "-Owholemodule";
				VALIDATE_PRODUCT = YES;
			};
			name = Release;
		};
		3FFE9E08204D930E00C0EADD /* Debug */ = {
			isa = XCBuildConfiguration;
			baseConfigurationReference = C97686A5B484246CFC287623 /* Pods-Github-GraphQL.debug.xcconfig */;
			buildSettings = {
				ASSETCATALOG_COMPILER_APPICON_NAME = AppIcon;
				CODE_SIGN_STYLE = Automatic;
				INFOPLIST_FILE = "Github-GraphQL/Resources/Info.plist";
				LD_RUNPATH_SEARCH_PATHS = "$(inherited) @executable_path/Frameworks";
				PRODUCT_BUNDLE_IDENTIFIER = "com.evgheniinicolaev.Github-GraphQL";
				PRODUCT_NAME = "$(TARGET_NAME)";
				SWIFT_VERSION = 4.0;
				TARGETED_DEVICE_FAMILY = "1,2";
			};
			name = Debug;
		};
		3FFE9E09204D930E00C0EADD /* Release */ = {
			isa = XCBuildConfiguration;
			baseConfigurationReference = DDD658C1B64CE50BC5A7B72A /* Pods-Github-GraphQL.release.xcconfig */;
			buildSettings = {
				ASSETCATALOG_COMPILER_APPICON_NAME = AppIcon;
				CODE_SIGN_STYLE = Automatic;
				INFOPLIST_FILE = "Github-GraphQL/Resources/Info.plist";
				LD_RUNPATH_SEARCH_PATHS = "$(inherited) @executable_path/Frameworks";
				PRODUCT_BUNDLE_IDENTIFIER = "com.evgheniinicolaev.Github-GraphQL";
				PRODUCT_NAME = "$(TARGET_NAME)";
				SWIFT_VERSION = 4.0;
				TARGETED_DEVICE_FAMILY = "1,2";
			};
			name = Release;
		};
/* End XCBuildConfiguration section */

/* Begin XCConfigurationList section */
		3FFE9DF0204D930D00C0EADD /* Build configuration list for PBXProject "Github-GraphQL" */ = {
			isa = XCConfigurationList;
			buildConfigurations = (
				3FFE9E05204D930E00C0EADD /* Debug */,
				3FFE9E06204D930E00C0EADD /* Release */,
			);
			defaultConfigurationIsVisible = 0;
			defaultConfigurationName = Release;
		};
		3FFE9E07204D930E00C0EADD /* Build configuration list for PBXNativeTarget "Github-GraphQL" */ = {
			isa = XCConfigurationList;
			buildConfigurations = (
				3FFE9E08204D930E00C0EADD /* Debug */,
				3FFE9E09204D930E00C0EADD /* Release */,
			);
			defaultConfigurationIsVisible = 0;
			defaultConfigurationName = Release;
		};
/* End XCConfigurationList section */
	};
	rootObject = 3FFE9DED204D930D00C0EADD /* Project object */;
}
